// !$*UTF8*$!
{
	archiveVersion = 1;
	classes = {
	};
	objectVersion = 46;
	objects = {

/* Begin PBXBuildFile section */
		E2496F3B1BFD71AF000F373F /* Folder.swift in Sources */ = {isa = PBXBuildFile; fileRef = E2496F3A1BFD71AF000F373F /* Folder.swift */; settings = {ASSET_TAGS = (); }; };
		E2496F3D1BFD75DA000F373F /* Recording.swift in Sources */ = {isa = PBXBuildFile; fileRef = E2496F3C1BFD75DA000F373F /* Recording.swift */; settings = {ASSET_TAGS = (); }; };
		E2496F3E1BFD75DA000F373F /* Recording.swift in Sources */ = {isa = PBXBuildFile; fileRef = E2496F3C1BFD75DA000F373F /* Recording.swift */; settings = {ASSET_TAGS = (); }; };
		E2C96E1A1BFB15300032D764 /* EditorViewController.swift in Sources */ = {isa = PBXBuildFile; fileRef = E2C96E191BFB15300032D764 /* EditorViewController.swift */; settings = {ASSET_TAGS = (); }; };
		E2C96E1C1BFB16310032D764 /* ArchiveFolderTableViewCell.swift in Sources */ = {isa = PBXBuildFile; fileRef = E2C96E1B1BFB16310032D764 /* ArchiveFolderTableViewCell.swift */; settings = {ASSET_TAGS = (); }; };
		E2DF1BE91C0272D100F14F99 /* ArchiveNewFolderTableViewCell.swift in Sources */ = {isa = PBXBuildFile; fileRef = E2DF1BE81C0272D100F14F99 /* ArchiveNewFolderTableViewCell.swift */; settings = {ASSET_TAGS = (); }; };
		E2E1B5841BFAE24500B878E6 /* AppDelegate.swift in Sources */ = {isa = PBXBuildFile; fileRef = E2E1B5831BFAE24500B878E6 /* AppDelegate.swift */; };
		E2E1B5861BFAE24500B878E6 /* RecorderViewController.swift in Sources */ = {isa = PBXBuildFile; fileRef = E2E1B5851BFAE24500B878E6 /* RecorderViewController.swift */; };
		E2E1B5891BFAE24500B878E6 /* Main.storyboard in Resources */ = {isa = PBXBuildFile; fileRef = E2E1B5871BFAE24500B878E6 /* Main.storyboard */; };
		E2E1B58B1BFAE24500B878E6 /* Assets.xcassets in Resources */ = {isa = PBXBuildFile; fileRef = E2E1B58A1BFAE24500B878E6 /* Assets.xcassets */; };
		E2E1B58E1BFAE24500B878E6 /* LaunchScreen.storyboard in Resources */ = {isa = PBXBuildFile; fileRef = E2E1B58C1BFAE24500B878E6 /* LaunchScreen.storyboard */; };
		E2E1B5991BFAE24500B878E6 /* Note_RecorderTests.swift in Sources */ = {isa = PBXBuildFile; fileRef = E2E1B5981BFAE24500B878E6 /* Note_RecorderTests.swift */; };
		E2E1B5A41BFAEEBE00B878E6 /* ArchiveTableViewController.swift in Sources */ = {isa = PBXBuildFile; fileRef = E2E1B5A31BFAEEBE00B878E6 /* ArchiveTableViewController.swift */; settings = {ASSET_TAGS = (); }; };
		E2E1B5AB1BFAF97800B878E6 /* ArchiveTableViewCell.swift in Sources */ = {isa = PBXBuildFile; fileRef = E2E1B5AA1BFAF97800B878E6 /* ArchiveTableViewCell.swift */; settings = {ASSET_TAGS = (); }; };
/* End PBXBuildFile section */

/* Begin PBXContainerItemProxy section */
		E2E1B5951BFAE24500B878E6 /* PBXContainerItemProxy */ = {
			isa = PBXContainerItemProxy;
			containerPortal = E2E1B5781BFAE24400B878E6 /* Project object */;
			proxyType = 1;
			remoteGlobalIDString = E2E1B57F1BFAE24500B878E6;
			remoteInfo = "Note Recorder";
		};
/* End PBXContainerItemProxy section */

/* Begin PBXFileReference section */
		E2496F3A1BFD71AF000F373F /* Folder.swift */ = {isa = PBXFileReference; fileEncoding = 4; lastKnownFileType = sourcecode.swift; name = Folder.swift; path = "Note Recorder/Folder.swift"; sourceTree = "<group>"; };
		E2496F3C1BFD75DA000F373F /* Recording.swift */ = {isa = PBXFileReference; fileEncoding = 4; lastKnownFileType = sourcecode.swift; path = Recording.swift; sourceTree = "<group>"; };
		E2C96E191BFB15300032D764 /* EditorViewController.swift */ = {isa = PBXFileReference; fileEncoding = 4; lastKnownFileType = sourcecode.swift; name = EditorViewController.swift; path = Editor/EditorViewController.swift; sourceTree = "<group>"; };
		E2C96E1B1BFB16310032D764 /* ArchiveFolderTableViewCell.swift */ = {isa = PBXFileReference; fileEncoding = 4; lastKnownFileType = sourcecode.swift; name = ArchiveFolderTableViewCell.swift; path = Archive/ArchiveFolderTableViewCell.swift; sourceTree = "<group>"; };
		E2DF1BE81C0272D100F14F99 /* ArchiveNewFolderTableViewCell.swift */ = {isa = PBXFileReference; fileEncoding = 4; lastKnownFileType = sourcecode.swift; path = ArchiveNewFolderTableViewCell.swift; sourceTree = "<group>"; };
		E2E1B5801BFAE24500B878E6 /* Note Recorder.app */ = {isa = PBXFileReference; explicitFileType = wrapper.application; includeInIndex = 0; path = "Note Recorder.app"; sourceTree = BUILT_PRODUCTS_DIR; };
		E2E1B5831BFAE24500B878E6 /* AppDelegate.swift */ = {isa = PBXFileReference; lastKnownFileType = sourcecode.swift; path = AppDelegate.swift; sourceTree = "<group>"; };
		E2E1B5851BFAE24500B878E6 /* RecorderViewController.swift */ = {isa = PBXFileReference; lastKnownFileType = sourcecode.swift; name = RecorderViewController.swift; path = Recorder/RecorderViewController.swift; sourceTree = "<group>"; };
		E2E1B5881BFAE24500B878E6 /* Base */ = {isa = PBXFileReference; lastKnownFileType = file.storyboard; name = Base; path = Base.lproj/Main.storyboard; sourceTree = "<group>"; };
		E2E1B58A1BFAE24500B878E6 /* Assets.xcassets */ = {isa = PBXFileReference; lastKnownFileType = folder.assetcatalog; path = Assets.xcassets; sourceTree = "<group>"; };
		E2E1B58D1BFAE24500B878E6 /* Base */ = {isa = PBXFileReference; lastKnownFileType = file.storyboard; name = Base; path = Base.lproj/LaunchScreen.storyboard; sourceTree = "<group>"; };
		E2E1B58F1BFAE24500B878E6 /* Info.plist */ = {isa = PBXFileReference; lastKnownFileType = text.plist.xml; path = Info.plist; sourceTree = "<group>"; };
		E2E1B5941BFAE24500B878E6 /* Note RecorderTests.xctest */ = {isa = PBXFileReference; explicitFileType = wrapper.cfbundle; includeInIndex = 0; path = "Note RecorderTests.xctest"; sourceTree = BUILT_PRODUCTS_DIR; };
		E2E1B5981BFAE24500B878E6 /* Note_RecorderTests.swift */ = {isa = PBXFileReference; lastKnownFileType = sourcecode.swift; path = Note_RecorderTests.swift; sourceTree = "<group>"; };
		E2E1B59A1BFAE24500B878E6 /* Info.plist */ = {isa = PBXFileReference; lastKnownFileType = text.plist.xml; path = Info.plist; sourceTree = "<group>"; };
		E2E1B5A31BFAEEBE00B878E6 /* ArchiveTableViewController.swift */ = {isa = PBXFileReference; fileEncoding = 4; lastKnownFileType = sourcecode.swift; name = ArchiveTableViewController.swift; path = Archive/ArchiveTableViewController.swift; sourceTree = "<group>"; };
		E2E1B5AA1BFAF97800B878E6 /* ArchiveTableViewCell.swift */ = {isa = PBXFileReference; fileEncoding = 4; lastKnownFileType = sourcecode.swift; name = ArchiveTableViewCell.swift; path = Archive/ArchiveTableViewCell.swift; sourceTree = "<group>"; };
/* End PBXFileReference section */

/* Begin PBXFrameworksBuildPhase section */
		E2E1B57D1BFAE24500B878E6 /* Frameworks */ = {
			isa = PBXFrameworksBuildPhase;
			buildActionMask = 2147483647;
			files = (
			);
			runOnlyForDeploymentPostprocessing = 0;
		};
		E2E1B5911BFAE24500B878E6 /* Frameworks */ = {
			isa = PBXFrameworksBuildPhase;
			buildActionMask = 2147483647;
			files = (
			);
			runOnlyForDeploymentPostprocessing = 0;
		};
/* End PBXFrameworksBuildPhase section */

/* Begin PBXGroup section */
		E2E1B5771BFAE24400B878E6 = {
			isa = PBXGroup;
			children = (
				E2496F3C1BFD75DA000F373F /* Recording.swift */,
				E2496F3A1BFD71AF000F373F /* Folder.swift */,
				E2E1B5821BFAE24500B878E6 /* Note Recorder */,
				E2E1B5971BFAE24500B878E6 /* Note RecorderTests */,
				E2E1B5811BFAE24500B878E6 /* Products */,
			);
			sourceTree = "<group>";
		};
		E2E1B5811BFAE24500B878E6 /* Products */ = {
			isa = PBXGroup;
			children = (
				E2E1B5801BFAE24500B878E6 /* Note Recorder.app */,
				E2E1B5941BFAE24500B878E6 /* Note RecorderTests.xctest */,
			);
			name = Products;
			sourceTree = "<group>";
		};
		E2E1B5821BFAE24500B878E6 /* Note Recorder */ = {
			isa = PBXGroup;
			children = (
				E2E1B5A51BFAF3EE00B878E6 /* Recorder */,
				E2E1B5A71BFAF40700B878E6 /* Archive */,
				E2E1B5A61BFAF40400B878E6 /* Editor */,
				E2E1B5831BFAE24500B878E6 /* AppDelegate.swift */,
				E2E1B5871BFAE24500B878E6 /* Main.storyboard */,
				E2E1B58A1BFAE24500B878E6 /* Assets.xcassets */,
				E2E1B58C1BFAE24500B878E6 /* LaunchScreen.storyboard */,
				E2E1B58F1BFAE24500B878E6 /* Info.plist */,
			);
			path = "Note Recorder";
			sourceTree = "<group>";
		};
		E2E1B5971BFAE24500B878E6 /* Note RecorderTests */ = {
			isa = PBXGroup;
			children = (
				E2E1B5981BFAE24500B878E6 /* Note_RecorderTests.swift */,
				E2E1B59A1BFAE24500B878E6 /* Info.plist */,
			);
			path = "Note RecorderTests";
			sourceTree = "<group>";
		};
		E2E1B5A51BFAF3EE00B878E6 /* Recorder */ = {
			isa = PBXGroup;
			children = (
				E2E1B5851BFAE24500B878E6 /* RecorderViewController.swift */,
			);
			name = Recorder;
			sourceTree = "<group>";
		};
		E2E1B5A61BFAF40400B878E6 /* Editor */ = {
			isa = PBXGroup;
			children = (
				E2C96E191BFB15300032D764 /* EditorViewController.swift */,
			);
			name = Editor;
			sourceTree = "<group>";
		};
		E2E1B5A71BFAF40700B878E6 /* Archive */ = {
			isa = PBXGroup;
			children = (
				E2E1B5A31BFAEEBE00B878E6 /* ArchiveTableViewController.swift */,
				E2E1B5AA1BFAF97800B878E6 /* ArchiveTableViewCell.swift */,
				E2C96E1B1BFB16310032D764 /* ArchiveFolderTableViewCell.swift */,
				E2DF1BE81C0272D100F14F99 /* ArchiveNewFolderTableViewCell.swift */,
			);
			name = Archive;
			sourceTree = "<group>";
		};
/* End PBXGroup section */

/* Begin PBXNativeTarget section */
		E2E1B57F1BFAE24500B878E6 /* Note Recorder */ = {
			isa = PBXNativeTarget;
			buildConfigurationList = E2E1B59D1BFAE24500B878E6 /* Build configuration list for PBXNativeTarget "Note Recorder" */;
			buildPhases = (
				E2E1B57C1BFAE24500B878E6 /* Sources */,
				E2E1B57D1BFAE24500B878E6 /* Frameworks */,
				E2E1B57E1BFAE24500B878E6 /* Resources */,
			);
			buildRules = (
			);
			dependencies = (
			);
			name = "Note Recorder";
			productName = "Note Recorder";
			productReference = E2E1B5801BFAE24500B878E6 /* Note Recorder.app */;
			productType = "com.apple.product-type.application";
		};
		E2E1B5931BFAE24500B878E6 /* Note RecorderTests */ = {
			isa = PBXNativeTarget;
			buildConfigurationList = E2E1B5A01BFAE24500B878E6 /* Build configuration list for PBXNativeTarget "Note RecorderTests" */;
			buildPhases = (
				E2E1B5901BFAE24500B878E6 /* Sources */,
				E2E1B5911BFAE24500B878E6 /* Frameworks */,
				E2E1B5921BFAE24500B878E6 /* Resources */,
			);
			buildRules = (
			);
			dependencies = (
				E2E1B5961BFAE24500B878E6 /* PBXTargetDependency */,
			);
			name = "Note RecorderTests";
			productName = "Note RecorderTests";
			productReference = E2E1B5941BFAE24500B878E6 /* Note RecorderTests.xctest */;
			productType = "com.apple.product-type.bundle.unit-test";
		};
/* End PBXNativeTarget section */

/* Begin PBXProject section */
		E2E1B5781BFAE24400B878E6 /* Project object */ = {
			isa = PBXProject;
			attributes = {
				LastUpgradeCheck = 0700;
				ORGANIZATIONNAME = "Michael Vedros";
				TargetAttributes = {
					E2E1B57F1BFAE24500B878E6 = {
						CreatedOnToolsVersion = 7.0;
					};
					E2E1B5931BFAE24500B878E6 = {
						CreatedOnToolsVersion = 7.0;
						TestTargetID = E2E1B57F1BFAE24500B878E6;
					};
				};
			};
			buildConfigurationList = E2E1B57B1BFAE24400B878E6 /* Build configuration list for PBXProject "Note Recorder" */;
			compatibilityVersion = "Xcode 3.2";
			developmentRegion = English;
			hasScannedForEncodings = 0;
			knownRegions = (
				en,
				Base,
			);
			mainGroup = E2E1B5771BFAE24400B878E6;
			productRefGroup = E2E1B5811BFAE24500B878E6 /* Products */;
			projectDirPath = "";
			projectRoot = "";
			targets = (
				E2E1B57F1BFAE24500B878E6 /* Note Recorder */,
				E2E1B5931BFAE24500B878E6 /* Note RecorderTests */,
			);
		};
/* End PBXProject section */

/* Begin PBXResourcesBuildPhase section */
		E2E1B57E1BFAE24500B878E6 /* Resources */ = {
			isa = PBXResourcesBuildPhase;
			buildActionMask = 2147483647;
			files = (
				E2E1B58E1BFAE24500B878E6 /* LaunchScreen.storyboard in Resources */,
				E2E1B58B1BFAE24500B878E6 /* Assets.xcassets in Resources */,
				E2E1B5891BFAE24500B878E6 /* Main.storyboard in Resources */,
			);
			runOnlyForDeploymentPostprocessing = 0;
		};
		E2E1B5921BFAE24500B878E6 /* Resources */ = {
			isa = PBXResourcesBuildPhase;
			buildActionMask = 2147483647;
			files = (
			);
			runOnlyForDeploymentPostprocessing = 0;
		};
/* End PBXResourcesBuildPhase section */

/* Begin PBXSourcesBuildPhase section */
		E2E1B57C1BFAE24500B878E6 /* Sources */ = {
			isa = PBXSourcesBuildPhase;
			buildActionMask = 2147483647;
			files = (
				E2E1B5AB1BFAF97800B878E6 /* ArchiveTableViewCell.swift in Sources */,
				E2E1B5A41BFAEEBE00B878E6 /* ArchiveTableViewController.swift in Sources */,
				E2E1B5861BFAE24500B878E6 /* RecorderViewController.swift in Sources */,
				E2DF1BE91C0272D100F14F99 /* ArchiveNewFolderTableViewCell.swift in Sources */,
				E2C96E1A1BFB15300032D764 /* EditorViewController.swift in Sources */,
				E2C96E1C1BFB16310032D764 /* ArchiveFolderTableViewCell.swift in Sources */,
				E2E1B5841BFAE24500B878E6 /* AppDelegate.swift in Sources */,
				E2496F3B1BFD71AF000F373F /* Folder.swift in Sources */,
				E2496F3D1BFD75DA000F373F /* Recording.swift in Sources */,
			);
			runOnlyForDeploymentPostprocessing = 0;
		};
		E2E1B5901BFAE24500B878E6 /* Sources */ = {
			isa = PBXSourcesBuildPhase;
			buildActionMask = 2147483647;
			files = (
				E2E1B5991BFAE24500B878E6 /* Note_RecorderTests.swift in Sources */,
				E2496F3E1BFD75DA000F373F /* Recording.swift in Sources */,
			);
			runOnlyForDeploymentPostprocessing = 0;
		};
/* End PBXSourcesBuildPhase section */

/* Begin PBXTargetDependency section */
		E2E1B5961BFAE24500B878E6 /* PBXTargetDependency */ = {
			isa = PBXTargetDependency;
			target = E2E1B57F1BFAE24500B878E6 /* Note Recorder */;
			targetProxy = E2E1B5951BFAE24500B878E6 /* PBXContainerItemProxy */;
		};
/* End PBXTargetDependency section */

/* Begin PBXVariantGroup section */
		E2E1B5871BFAE24500B878E6 /* Main.storyboard */ = {
			isa = PBXVariantGroup;
			children = (
				E2E1B5881BFAE24500B878E6 /* Base */,
			);
			name = Main.storyboard;
			sourceTree = "<group>";
		};
		E2E1B58C1BFAE24500B878E6 /* LaunchScreen.storyboard */ = {
			isa = PBXVariantGroup;
			children = (
				E2E1B58D1BFAE24500B878E6 /* Base */,
			);
			name = LaunchScreen.storyboard;
			sourceTree = "<group>";
		};
/* End PBXVariantGroup section */

/* Begin XCBuildConfiguration section */
		E2E1B59B1BFAE24500B878E6 /* Debug */ = {
			isa = XCBuildConfiguration;
			buildSettings = {
				ALWAYS_SEARCH_USER_PATHS = NO;
				CLANG_CXX_LANGUAGE_STANDARD = "gnu++0x";
				CLANG_CXX_LIBRARY = "libc++";
				CLANG_ENABLE_MODULES = YES;
				CLANG_ENABLE_OBJC_ARC = YES;
				CLANG_WARN_BOOL_CONVERSION = YES;
				CLANG_WARN_CONSTANT_CONVERSION = YES;
				CLANG_WARN_DIRECT_OBJC_ISA_USAGE = YES_ERROR;
				CLANG_WARN_EMPTY_BODY = YES;
				CLANG_WARN_ENUM_CONVERSION = YES;
				CLANG_WARN_INT_CONVERSION = YES;
				CLANG_WARN_OBJC_ROOT_CLASS = YES_ERROR;
				CLANG_WARN_UNREACHABLE_CODE = YES;
				CLANG_WARN__DUPLICATE_METHOD_MATCH = YES;
				"CODE_SIGN_IDENTITY[sdk=iphoneos*]" = "iPhone Developer";
				COPY_PHASE_STRIP = NO;
				DEBUG_INFORMATION_FORMAT = dwarf;
				ENABLE_STRICT_OBJC_MSGSEND = YES;
				ENABLE_TESTABILITY = YES;
				GCC_C_LANGUAGE_STANDARD = gnu99;
				GCC_DYNAMIC_NO_PIC = NO;
				GCC_NO_COMMON_BLOCKS = YES;
				GCC_OPTIMIZATION_LEVEL = 0;
				GCC_PREPROCESSOR_DEFINITIONS = (
					"DEBUG=1",
					"$(inherited)",
				);
				GCC_WARN_64_TO_32_BIT_CONVERSION = YES;
				GCC_WARN_ABOUT_RETURN_TYPE = YES_ERROR;
				GCC_WARN_UNDECLARED_SELECTOR = YES;
				GCC_WARN_UNINITIALIZED_AUTOS = YES_AGGRESSIVE;
				GCC_WARN_UNUSED_FUNCTION = YES;
				GCC_WARN_UNUSED_VARIABLE = YES;
				IPHONEOS_DEPLOYMENT_TARGET = 9.0;
				MTL_ENABLE_DEBUG_INFO = YES;
				ONLY_ACTIVE_ARCH = YES;
				SDKROOT = iphoneos;
				SWIFT_OPTIMIZATION_LEVEL = "-Onone";
			};
			name = Debug;
		};
		E2E1B59C1BFAE24500B878E6 /* Release */ = {
			isa = XCBuildConfiguration;
			buildSettings = {
				ALWAYS_SEARCH_USER_PATHS = NO;
				CLANG_CXX_LANGUAGE_STANDARD = "gnu++0x";
				CLANG_CXX_LIBRARY = "libc++";
				CLANG_ENABLE_MODULES = YES;
				CLANG_ENABLE_OBJC_ARC = YES;
				CLANG_WARN_BOOL_CONVERSION = YES;
				CLANG_WARN_CONSTANT_CONVERSION = YES;
				CLANG_WARN_DIRECT_OBJC_ISA_USAGE = YES_ERROR;
				CLANG_WARN_EMPTY_BODY = YES;
				CLANG_WARN_ENUM_CONVERSION = YES;
				CLANG_WARN_INT_CONVERSION = YES;
				CLANG_WARN_OBJC_ROOT_CLASS = YES_ERROR;
				CLANG_WARN_UNREACHABLE_CODE = YES;
				CLANG_WARN__DUPLICATE_METHOD_MATCH = YES;
				"CODE_SIGN_IDENTITY[sdk=iphoneos*]" = "iPhone Developer";
				COPY_PHASE_STRIP = NO;
				DEBUG_INFORMATION_FORMAT = "dwarf-with-dsym";
				ENABLE_NS_ASSERTIONS = NO;
				ENABLE_STRICT_OBJC_MSGSEND = YES;
				GCC_C_LANGUAGE_STANDARD = gnu99;
				GCC_NO_COMMON_BLOCKS = YES;
				GCC_WARN_64_TO_32_BIT_CONVERSION = YES;
				GCC_WARN_ABOUT_RETURN_TYPE = YES_ERROR;
				GCC_WARN_UNDECLARED_SELECTOR = YES;
				GCC_WARN_UNINITIALIZED_AUTOS = YES_AGGRESSIVE;
				GCC_WARN_UNUSED_FUNCTION = YES;
				GCC_WARN_UNUSED_VARIABLE = YES;
				IPHONEOS_DEPLOYMENT_TARGET = 9.0;
				MTL_ENABLE_DEBUG_INFO = NO;
				SDKROOT = iphoneos;
				VALIDATE_PRODUCT = YES;
			};
			name = Release;
		};
		E2E1B59E1BFAE24500B878E6 /* Debug */ = {
			isa = XCBuildConfiguration;
			buildSettings = {
				ASSETCATALOG_COMPILER_APPICON_NAME = AppIcon;
				INFOPLIST_FILE = "Note Recorder/Info.plist";
				LD_RUNPATH_SEARCH_PATHS = "$(inherited) @executable_path/Frameworks";
				PRODUCT_BUNDLE_IDENTIFIER = "com.example.Note-Recorder";
				PRODUCT_NAME = "$(TARGET_NAME)";
			};
			name = Debug;
		};
		E2E1B59F1BFAE24500B878E6 /* Release */ = {
			isa = XCBuildConfiguration;
			buildSettings = {
				ASSETCATALOG_COMPILER_APPICON_NAME = AppIcon;
				INFOPLIST_FILE = "Note Recorder/Info.plist";
				LD_RUNPATH_SEARCH_PATHS = "$(inherited) @executable_path/Frameworks";
				PRODUCT_BUNDLE_IDENTIFIER = "com.example.Note-Recorder";
				PRODUCT_NAME = "$(TARGET_NAME)";
			};
			name = Release;
		};
		E2E1B5A11BFAE24500B878E6 /* Debug */ = {
			isa = XCBuildConfiguration;
			buildSettings = {
				BUNDLE_LOADER = "$(TEST_HOST)";
				INFOPLIST_FILE = "Note RecorderTests/Info.plist";
				LD_RUNPATH_SEARCH_PATHS = "$(inherited) @executable_path/Frameworks @loader_path/Frameworks";
				PRODUCT_BUNDLE_IDENTIFIER = "com.example.Note-RecorderTests";
				PRODUCT_NAME = "$(TARGET_NAME)";
				TEST_HOST = "$(BUILT_PRODUCTS_DIR)/Note Recorder.app/Note Recorder";
			};
			name = Debug;
		};
		E2E1B5A21BFAE24500B878E6 /* Release */ = {
			isa = XCBuildConfiguration;
			buildSettings = {
				BUNDLE_LOADER = "$(TEST_HOST)";
				INFOPLIST_FILE = "Note RecorderTests/Info.plist";
				LD_RUNPATH_SEARCH_PATHS = "$(inherited) @executable_path/Frameworks @loader_path/Frameworks";
				PRODUCT_BUNDLE_IDENTIFIER = "com.example.Note-RecorderTests";
				PRODUCT_NAME = "$(TARGET_NAME)";
				TEST_HOST = "$(BUILT_PRODUCTS_DIR)/Note Recorder.app/Note Recorder";
			};
			name = Release;
		};
/* End XCBuildConfiguration section */

/* Begin XCConfigurationList section */
		E2E1B57B1BFAE24400B878E6 /* Build configuration list for PBXProject "Note Recorder" */ = {
			isa = XCConfigurationList;
			buildConfigurations = (
				E2E1B59B1BFAE24500B878E6 /* Debug */,
				E2E1B59C1BFAE24500B878E6 /* Release */,
			);
			defaultConfigurationIsVisible = 0;
			defaultConfigurationName = Release;
		};
		E2E1B59D1BFAE24500B878E6 /* Build configuration list for PBXNativeTarget "Note Recorder" */ = {
			isa = XCConfigurationList;
			buildConfigurations = (
				E2E1B59E1BFAE24500B878E6 /* Debug */,
				E2E1B59F1BFAE24500B878E6 /* Release */,
			);
			defaultConfigurationIsVisible = 0;
			defaultConfigurationName = Release;
		};
		E2E1B5A01BFAE24500B878E6 /* Build configuration list for PBXNativeTarget "Note RecorderTests" */ = {
			isa = XCConfigurationList;
			buildConfigurations = (
				E2E1B5A11BFAE24500B878E6 /* Debug */,
				E2E1B5A21BFAE24500B878E6 /* Release */,
			);
			defaultConfigurationIsVisible = 0;
			defaultConfigurationName = Release;
		};
/* End XCConfigurationList section */
	};
	rootObject = E2E1B5781BFAE24400B878E6 /* Project object */;
}
